
Microsoft Visual Studio Solution File, Format Version 12.00
# Visual Studio Version 17
VisualStudioVersion = 17.3.32929.385
MinimumVisualStudioVersion = 10.0.40219.1
Project("{FAE04EC0-301F-11D3-BF4B-00C04F79EFBC}") = "Practice", "Practice\Practice.csproj", "{ED6D8BF6-8530-4ECC-B619-F93FC8D9AF75}"
EndProject
Global
	GlobalSection(SolutionConfigurationPlatforms) = preSolution
		Debug|Any CPU = Debug|Any CPU
		Release|Any CPU = Release|Any CPU
	EndGlobalSection
	GlobalSection(ProjectConfigurationPlatforms) = postSolution
		{ED6D8BF6-8530-4ECC-B619-F93FC8D9AF75}.Debug|Any CPU.ActiveCfg = Debug|Any CPU
		{ED6D8BF6-8530-4ECC-B619-F93FC8D9AF75}.Debug|Any CPU.Build.0 = Debug|Any CPU
		{ED6D8BF6-8530-4ECC-B619-F93FC8D9AF75}.Release|Any CPU.ActiveCfg = Release|Any CPU
		{ED6D8BF6-8530-4ECC-B619-F93FC8D9AF75}.Release|Any CPU.Build.0 = Release|Any CPU
	EndGlobalSection
	GlobalSection(SolutionProperties) = preSolution
		HideSolutionNode = FALSE
	EndGlobalSection
	GlobalSection(ExtensibilityGlobals) = postSolution
		SolutionGuid = {0292A753-CC48-4FBF-AEC6-1B914641DAE4}
	EndGlobalSection
EndGlobal
